
Microsoft Visual Studio Solution File, Format Version 12.00
# Visual Studio 15
VisualStudioVersion = 15.0.27703.2047
MinimumVisualStudioVersion = 10.0.40219.1
Project("{FAE04EC0-301F-11D3-BF4B-00C04F79EFBC}") = "Team5BLibraryManagementSystem", "Team5BLibraryManagementSystem\Team5BLibraryManagementSystem.csproj", "{D774D2D7-8AA9-4B0B-BA98-FB8E0C586662}"
EndProject
Global
	GlobalSection(SolutionConfigurationPlatforms) = preSolution
		Debug|Any CPU = Debug|Any CPU
		Release|Any CPU = Release|Any CPU
	EndGlobalSection
	GlobalSection(ProjectConfigurationPlatforms) = postSolution
		{D774D2D7-8AA9-4B0B-BA98-FB8E0C586662}.Debug|Any CPU.ActiveCfg = Debug|Any CPU
		{D774D2D7-8AA9-4B0B-BA98-FB8E0C586662}.Debug|Any CPU.Build.0 = Debug|Any CPU
		{D774D2D7-8AA9-4B0B-BA98-FB8E0C586662}.Release|Any CPU.ActiveCfg = Release|Any CPU
		{D774D2D7-8AA9-4B0B-BA98-FB8E0C586662}.Release|Any CPU.Build.0 = Release|Any CPU
	EndGlobalSection
	GlobalSection(SolutionProperties) = preSolution
		HideSolutionNode = FALSE
	EndGlobalSection
	GlobalSection(ExtensibilityGlobals) = postSolution
		SolutionGuid = {E7E5BAF8-6C43-4FE8-B0B1-657F91EB4854}
	EndGlobalSection
EndGlobal
